{
    "name": "video-player 视频播放器 html5视频播放器-解决频层级、覆盖",
    "version": "2.0.0",
    "lockfileVersion": 3,
    "requires": true,
    "packages": {
        "": {
            "name": "video-player 视频播放器 html5视频播放器-解决频层级、覆盖",
            "version": "2.0.0",
            "dependencies": {
                "echarts": "^6.0.0"
            }
        },
        "node_modules/tslib": {
            "version": "2.3.0",
            "resolved": "https://registry.npmjs.org/tslib/-/tslib-2.3.0.tgz",
            "integrity": "sha512-N82ooyxVNm6h1riLCoyS9e3fuJ3AMG2zIZs2Gd1ATcSFjSA23Q0fzjjZeh0jbJvWVDZ0cJT8yaNNaaXHzueNjg=="
        },
        "node_modules/zrender": {
            "version": "6.0.0",
            "resolved": "https://registry.npmjs.org/zrender/-/zrender-6.0.0.tgz",
            "integrity": "sha512-41dFXEEXuJpNecuUQq6JlbybmnHaqqpGlbH1yxnA5V9MMP4SbohSVZsJIwz+zdjQXSSlR1Vc34EgH1zxyTDvhg==",
            "dependencies": {
                "tslib": "2.3.0"
            }
        }
    }
}
